// !$*UTF8*$!
{
	archiveVersion = 1;
	classes = {
	};
	objectVersion = 56;
	objects = {

/* Begin PBXBuildFile section */
		2DC0D7912A4209E800DAF262 /* Constants.swift in Sources */ = {isa = PBXBuildFile; fileRef = 2DC0D78F2A4209E800DAF262 /* Constants.swift */; };
		2DC0D7922A4209E800DAF262 /* HelperFunctions.swift in Sources */ = {isa = PBXBuildFile; fileRef = 2DC0D7902A4209E800DAF262 /* HelperFunctions.swift */; };
		2DC0D79A2A420F3400DAF262 /* SquareNode.swift in Sources */ = {isa = PBXBuildFile; fileRef = 2DC0D7962A420F3400DAF262 /* SquareNode.swift */; };
		2DC0D79B2A420F3400DAF262 /* LuggageNode.swift in Sources */ = {isa = PBXBuildFile; fileRef = 2DC0D7972A420F3400DAF262 /* LuggageNode.swift */; };
		2DC0D79C2A420F3400DAF262 /* ItemNode.swift in Sources */ = {isa = PBXBuildFile; fileRef = 2DC0D7992A420F3400DAF262 /* ItemNode.swift */; };
		353C6C8F2A4AC5FD0015CDEB /* GameSceneFunctions.swift in Sources */ = {isa = PBXBuildFile; fileRef = 353C6C8D2A4AC5FD0015CDEB /* GameSceneFunctions.swift */; };
		353C6C902A4AC5FD0015CDEB /* GameScene.swift in Sources */ = {isa = PBXBuildFile; fileRef = 353C6C8E2A4AC5FD0015CDEB /* GameScene.swift */; };
		356E22772A497B1B00002C1A /* COUNTDOWN.mp3 in Resources */ = {isa = PBXBuildFile; fileRef = 356E22742A497B1B00002C1A /* COUNTDOWN.mp3 */; };
		356E22782A497B1B00002C1A /* OBSTRUCTION.mp3 in Resources */ = {isa = PBXBuildFile; fileRef = 356E22752A497B1B00002C1A /* OBSTRUCTION.mp3 */; };
		356E22792A497B1B00002C1A /* BGM.mp3 in Resources */ = {isa = PBXBuildFile; fileRef = 356E22762A497B1B00002C1A /* BGM.mp3 */; };
		356E227B2A497B3400002C1A /* AudioManager.swift in Sources */ = {isa = PBXBuildFile; fileRef = 356E227A2A497B3400002C1A /* AudioManager.swift */; };
		356E227D2A497B4C00002C1A /* ObstructionNode.swift in Sources */ = {isa = PBXBuildFile; fileRef = 356E227C2A497B4C00002C1A /* ObstructionNode.swift */; };
		356E227F2A497B5900002C1A /* CountdownLabel.swift in Sources */ = {isa = PBXBuildFile; fileRef = 356E227E2A497B5900002C1A /* CountdownLabel.swift */; };
		D0AFC3F72A3D622C00665580 /* AppDelegate.swift in Sources */ = {isa = PBXBuildFile; fileRef = D0AFC3F62A3D622C00665580 /* AppDelegate.swift */; };
		D0AFC3F92A3D622C00665580 /* GameScene.sks in Resources */ = {isa = PBXBuildFile; fileRef = D0AFC3F82A3D622C00665580 /* GameScene.sks */; };
		D0AFC3FB2A3D622C00665580 /* Actions.sks in Resources */ = {isa = PBXBuildFile; fileRef = D0AFC3FA2A3D622C00665580 /* Actions.sks */; };
		D0AFC3FF2A3D622C00665580 /* GameViewController.swift in Sources */ = {isa = PBXBuildFile; fileRef = D0AFC3FE2A3D622C00665580 /* GameViewController.swift */; };
		D0AFC4022A3D622C00665580 /* Main.storyboard in Resources */ = {isa = PBXBuildFile; fileRef = D0AFC4002A3D622C00665580 /* Main.storyboard */; };
		D0AFC4042A3D622D00665580 /* Assets.xcassets in Resources */ = {isa = PBXBuildFile; fileRef = D0AFC4032A3D622D00665580 /* Assets.xcassets */; };
		D0AFC4072A3D622D00665580 /* LaunchScreen.storyboard in Resources */ = {isa = PBXBuildFile; fileRef = D0AFC4052A3D622D00665580 /* LaunchScreen.storyboard */; };
		D0F302312A44204200F3DFC0 /* InventoryNode.swift in Sources */ = {isa = PBXBuildFile; fileRef = D0F302302A44204200F3DFC0 /* InventoryNode.swift */; };
		D0F302332A44221C00F3DFC0 /* InventorySlotNode.swift in Sources */ = {isa = PBXBuildFile; fileRef = D0F302322A44221C00F3DFC0 /* InventorySlotNode.swift */; };
/* End PBXBuildFile section */

/* Begin PBXFileReference section */
		2DC0D78F2A4209E800DAF262 /* Constants.swift */ = {isa = PBXFileReference; fileEncoding = 4; lastKnownFileType = sourcecode.swift; path = Constants.swift; sourceTree = "<group>"; };
		2DC0D7902A4209E800DAF262 /* HelperFunctions.swift */ = {isa = PBXFileReference; fileEncoding = 4; lastKnownFileType = sourcecode.swift; path = HelperFunctions.swift; sourceTree = "<group>"; };
		2DC0D7962A420F3400DAF262 /* SquareNode.swift */ = {isa = PBXFileReference; fileEncoding = 4; lastKnownFileType = sourcecode.swift; path = SquareNode.swift; sourceTree = "<group>"; };
		2DC0D7972A420F3400DAF262 /* LuggageNode.swift */ = {isa = PBXFileReference; fileEncoding = 4; lastKnownFileType = sourcecode.swift; path = LuggageNode.swift; sourceTree = "<group>"; };
		2DC0D7992A420F3400DAF262 /* ItemNode.swift */ = {isa = PBXFileReference; fileEncoding = 4; lastKnownFileType = sourcecode.swift; path = ItemNode.swift; sourceTree = "<group>"; };
		353C6C8D2A4AC5FD0015CDEB /* GameSceneFunctions.swift */ = {isa = PBXFileReference; fileEncoding = 4; lastKnownFileType = sourcecode.swift; path = GameSceneFunctions.swift; sourceTree = "<group>"; };
		353C6C8E2A4AC5FD0015CDEB /* GameScene.swift */ = {isa = PBXFileReference; fileEncoding = 4; lastKnownFileType = sourcecode.swift; path = GameScene.swift; sourceTree = "<group>"; };
		356E22742A497B1B00002C1A /* COUNTDOWN.mp3 */ = {isa = PBXFileReference; lastKnownFileType = audio.mp3; path = COUNTDOWN.mp3; sourceTree = "<group>"; };
		356E22752A497B1B00002C1A /* OBSTRUCTION.mp3 */ = {isa = PBXFileReference; lastKnownFileType = audio.mp3; path = OBSTRUCTION.mp3; sourceTree = "<group>"; };
		356E22762A497B1B00002C1A /* BGM.mp3 */ = {isa = PBXFileReference; lastKnownFileType = audio.mp3; path = BGM.mp3; sourceTree = "<group>"; };
		356E227A2A497B3400002C1A /* AudioManager.swift */ = {isa = PBXFileReference; fileEncoding = 4; lastKnownFileType = sourcecode.swift; path = AudioManager.swift; sourceTree = "<group>"; };
		356E227C2A497B4C00002C1A /* ObstructionNode.swift */ = {isa = PBXFileReference; fileEncoding = 4; lastKnownFileType = sourcecode.swift; path = ObstructionNode.swift; sourceTree = "<group>"; };
		356E227E2A497B5900002C1A /* CountdownLabel.swift */ = {isa = PBXFileReference; fileEncoding = 4; lastKnownFileType = sourcecode.swift; path = CountdownLabel.swift; sourceTree = "<group>"; };
		D0AFC3F32A3D622C00665580 /* Lug-N-Loaded.app */ = {isa = PBXFileReference; explicitFileType = wrapper.application; includeInIndex = 0; path = "Lug-N-Loaded.app"; sourceTree = BUILT_PRODUCTS_DIR; };
		D0AFC3F62A3D622C00665580 /* AppDelegate.swift */ = {isa = PBXFileReference; lastKnownFileType = sourcecode.swift; path = AppDelegate.swift; sourceTree = "<group>"; };
		D0AFC3F82A3D622C00665580 /* GameScene.sks */ = {isa = PBXFileReference; lastKnownFileType = file.sks; path = GameScene.sks; sourceTree = "<group>"; };
		D0AFC3FA2A3D622C00665580 /* Actions.sks */ = {isa = PBXFileReference; lastKnownFileType = file.sks; path = Actions.sks; sourceTree = "<group>"; };
		D0AFC3FE2A3D622C00665580 /* GameViewController.swift */ = {isa = PBXFileReference; lastKnownFileType = sourcecode.swift; path = GameViewController.swift; sourceTree = "<group>"; };
		D0AFC4012A3D622C00665580 /* Base */ = {isa = PBXFileReference; lastKnownFileType = file.storyboard; name = Base; path = Base.lproj/Main.storyboard; sourceTree = "<group>"; };
		D0AFC4032A3D622D00665580 /* Assets.xcassets */ = {isa = PBXFileReference; lastKnownFileType = folder.assetcatalog; path = Assets.xcassets; sourceTree = "<group>"; };
		D0AFC4062A3D622D00665580 /* Base */ = {isa = PBXFileReference; lastKnownFileType = file.storyboard; name = Base; path = Base.lproj/LaunchScreen.storyboard; sourceTree = "<group>"; };
		D0F302302A44204200F3DFC0 /* InventoryNode.swift */ = {isa = PBXFileReference; lastKnownFileType = sourcecode.swift; path = InventoryNode.swift; sourceTree = "<group>"; };
		D0F302322A44221C00F3DFC0 /* InventorySlotNode.swift */ = {isa = PBXFileReference; lastKnownFileType = sourcecode.swift; path = InventorySlotNode.swift; sourceTree = "<group>"; };
/* End PBXFileReference section */

/* Begin PBXFrameworksBuildPhase section */
		D0AFC3F02A3D622C00665580 /* Frameworks */ = {
			isa = PBXFrameworksBuildPhase;
			buildActionMask = 2147483647;
			files = (
			);
			runOnlyForDeploymentPostprocessing = 0;
		};
/* End PBXFrameworksBuildPhase section */

/* Begin PBXGroup section */
		2D1C75322A45DD61009835DE /* GameScene */ = {
			isa = PBXGroup;
			children = (
				353C6C8E2A4AC5FD0015CDEB /* GameScene.swift */,
				353C6C8D2A4AC5FD0015CDEB /* GameSceneFunctions.swift */,
			);
			path = GameScene;
			sourceTree = "<group>";
		};
		2DC0D78E2A4209E800DAF262 /* Utilities */ = {
			isa = PBXGroup;
			children = (
				D08481432A40684800F4635B /* sks */,
				2DC0D78F2A4209E800DAF262 /* Constants.swift */,
				2DC0D7902A4209E800DAF262 /* HelperFunctions.swift */,
				D0AFC4032A3D622D00665580 /* Assets.xcassets */,
			);
			path = Utilities;
			sourceTree = "<group>";
		};
		2DC0D7952A420F3400DAF262 /* CustomNodes */ = {
			isa = PBXGroup;
			children = (
				2DC0D7982A420F3400DAF262 /* ItemNodes */,
				2DC0D7962A420F3400DAF262 /* SquareNode.swift */,
				2DC0D7972A420F3400DAF262 /* LuggageNode.swift */,
				D0F302302A44204200F3DFC0 /* InventoryNode.swift */,
				D0F302322A44221C00F3DFC0 /* InventorySlotNode.swift */,
			);
			path = CustomNodes;
			sourceTree = "<group>";
		};
		2DC0D7982A420F3400DAF262 /* ItemNodes */ = {
			isa = PBXGroup;
			children = (
				2DC0D7992A420F3400DAF262 /* ItemNode.swift */,
			);
			path = ItemNodes;
			sourceTree = "<group>";
		};
		D08481432A40684800F4635B /* sks */ = {
			isa = PBXGroup;
			children = (
				D0AFC3F82A3D622C00665580 /* GameScene.sks */,
				D0AFC3FA2A3D622C00665580 /* Actions.sks */,
			);
			path = sks;
			sourceTree = "<group>";
		};
		D0AFC3EA2A3D622C00665580 = {
			isa = PBXGroup;
			children = (
				D0AFC3F52A3D622C00665580 /* Lug-N-Loaded */,
				D0AFC3F42A3D622C00665580 /* Products */,
			);
			sourceTree = "<group>";
		};
		D0AFC3F42A3D622C00665580 /* Products */ = {
			isa = PBXGroup;
			children = (
				D0AFC3F32A3D622C00665580 /* Lug-N-Loaded.app */,
			);
			name = Products;
			sourceTree = "<group>";
		};
		D0AFC3F52A3D622C00665580 /* Lug-N-Loaded */ = {
			isa = PBXGroup;
			children = (
				2DC0D7952A420F3400DAF262 /* CustomNodes */,
				2D1C75322A45DD61009835DE /* GameScene */,
				D0AFC3FE2A3D622C00665580 /* GameViewController.swift */,
				356E22762A497B1B00002C1A /* BGM.mp3 */,
				356E22742A497B1B00002C1A /* COUNTDOWN.mp3 */,
				356E22752A497B1B00002C1A /* OBSTRUCTION.mp3 */,
				D0AFC3F62A3D622C00665580 /* AppDelegate.swift */,
				2DC0D78E2A4209E800DAF262 /* Utilities */,
				D0AFC4002A3D622C00665580 /* Main.storyboard */,
				D0AFC4052A3D622D00665580 /* LaunchScreen.storyboard */,
				356E227A2A497B3400002C1A /* AudioManager.swift */,
				356E227C2A497B4C00002C1A /* ObstructionNode.swift */,
				356E227E2A497B5900002C1A /* CountdownLabel.swift */,
			);
			path = "Lug-N-Loaded";
			sourceTree = "<group>";
		};
/* End PBXGroup section */

/* Begin PBXNativeTarget section */
		D0AFC3F22A3D622C00665580 /* Lug-N-Loaded */ = {
			isa = PBXNativeTarget;
			buildConfigurationList = D0AFC40A2A3D622D00665580 /* Build configuration list for PBXNativeTarget "Lug-N-Loaded" */;
			buildPhases = (
				D0AFC3EF2A3D622C00665580 /* Sources */,
				D0AFC3F02A3D622C00665580 /* Frameworks */,
				D0AFC3F12A3D622C00665580 /* Resources */,
			);
			buildRules = (
			);
			dependencies = (
			);
			name = "Lug-N-Loaded";
			productName = "Lug-N-Loaded";
			productReference = D0AFC3F32A3D622C00665580 /* Lug-N-Loaded.app */;
			productType = "com.apple.product-type.application";
		};
/* End PBXNativeTarget section */

/* Begin PBXProject section */
		D0AFC3EB2A3D622C00665580 /* Project object */ = {
			isa = PBXProject;
			attributes = {
				BuildIndependentTargetsInParallel = 1;
				LastSwiftUpdateCheck = 1430;
				LastUpgradeCheck = 1430;
				TargetAttributes = {
					D0AFC3F22A3D622C00665580 = {
						CreatedOnToolsVersion = 14.3;
					};
				};
			};
			buildConfigurationList = D0AFC3EE2A3D622C00665580 /* Build configuration list for PBXProject "Lug-N-Loaded" */;
			compatibilityVersion = "Xcode 14.0";
			developmentRegion = en;
			hasScannedForEncodings = 0;
			knownRegions = (
				en,
				Base,
			);
			mainGroup = D0AFC3EA2A3D622C00665580;
			productRefGroup = D0AFC3F42A3D622C00665580 /* Products */;
			projectDirPath = "";
			projectRoot = "";
			targets = (
				D0AFC3F22A3D622C00665580 /* Lug-N-Loaded */,
			);
		};
/* End PBXProject section */

/* Begin PBXResourcesBuildPhase section */
		D0AFC3F12A3D622C00665580 /* Resources */ = {
			isa = PBXResourcesBuildPhase;
			buildActionMask = 2147483647;
			files = (
				D0AFC4022A3D622C00665580 /* Main.storyboard in Resources */,
				D0AFC3F92A3D622C00665580 /* GameScene.sks in Resources */,
				356E22772A497B1B00002C1A /* COUNTDOWN.mp3 in Resources */,
				356E22792A497B1B00002C1A /* BGM.mp3 in Resources */,
				D0AFC4042A3D622D00665580 /* Assets.xcassets in Resources */,
				D0AFC4072A3D622D00665580 /* LaunchScreen.storyboard in Resources */,
				356E22782A497B1B00002C1A /* OBSTRUCTION.mp3 in Resources */,
				D0AFC3FB2A3D622C00665580 /* Actions.sks in Resources */,
			);
			runOnlyForDeploymentPostprocessing = 0;
		};
/* End PBXResourcesBuildPhase section */

/* Begin PBXSourcesBuildPhase section */
		D0AFC3EF2A3D622C00665580 /* Sources */ = {
			isa = PBXSourcesBuildPhase;
			buildActionMask = 2147483647;
			files = (
				2DC0D79C2A420F3400DAF262 /* ItemNode.swift in Sources */,
				D0F302312A44204200F3DFC0 /* InventoryNode.swift in Sources */,
				353C6C902A4AC5FD0015CDEB /* GameScene.swift in Sources */,
				D0F302332A44221C00F3DFC0 /* InventorySlotNode.swift in Sources */,
				2DC0D79B2A420F3400DAF262 /* LuggageNode.swift in Sources */,
				2DC0D7922A4209E800DAF262 /* HelperFunctions.swift in Sources */,
				D0AFC3FF2A3D622C00665580 /* GameViewController.swift in Sources */,
				356E227F2A497B5900002C1A /* CountdownLabel.swift in Sources */,
				356E227B2A497B3400002C1A /* AudioManager.swift in Sources */,
				2DC0D79A2A420F3400DAF262 /* SquareNode.swift in Sources */,
				D0AFC3F72A3D622C00665580 /* AppDelegate.swift in Sources */,
				2DC0D7912A4209E800DAF262 /* Constants.swift in Sources */,
				356E227D2A497B4C00002C1A /* ObstructionNode.swift in Sources */,
				353C6C8F2A4AC5FD0015CDEB /* GameSceneFunctions.swift in Sources */,
			);
			runOnlyForDeploymentPostprocessing = 0;
		};
/* End PBXSourcesBuildPhase section */

/* Begin PBXVariantGroup section */
		D0AFC4002A3D622C00665580 /* Main.storyboard */ = {
			isa = PBXVariantGroup;
			children = (
				D0AFC4012A3D622C00665580 /* Base */,
			);
			name = Main.storyboard;
			sourceTree = "<group>";
		};
		D0AFC4052A3D622D00665580 /* LaunchScreen.storyboard */ = {
			isa = PBXVariantGroup;
			children = (
				D0AFC4062A3D622D00665580 /* Base */,
			);
			name = LaunchScreen.storyboard;
			sourceTree = "<group>";
		};
/* End PBXVariantGroup section */

/* Begin XCBuildConfiguration section */
		D0AFC4082A3D622D00665580 /* Debug */ = {
			isa = XCBuildConfiguration;
			buildSettings = {
				ALWAYS_SEARCH_USER_PATHS = NO;
				CLANG_ANALYZER_NONNULL = YES;
				CLANG_ANALYZER_NUMBER_OBJECT_CONVERSION = YES_AGGRESSIVE;
				CLANG_CXX_LANGUAGE_STANDARD = "gnu++20";
				CLANG_ENABLE_MODULES = YES;
				CLANG_ENABLE_OBJC_ARC = YES;
				CLANG_ENABLE_OBJC_WEAK = YES;
				CLANG_WARN_BLOCK_CAPTURE_AUTORELEASING = YES;
				CLANG_WARN_BOOL_CONVERSION = YES;
				CLANG_WARN_COMMA = YES;
				CLANG_WARN_CONSTANT_CONVERSION = YES;
				CLANG_WARN_DEPRECATED_OBJC_IMPLEMENTATIONS = YES;
				CLANG_WARN_DIRECT_OBJC_ISA_USAGE = YES_ERROR;
				CLANG_WARN_DOCUMENTATION_COMMENTS = YES;
				CLANG_WARN_EMPTY_BODY = YES;
				CLANG_WARN_ENUM_CONVERSION = YES;
				CLANG_WARN_INFINITE_RECURSION = YES;
				CLANG_WARN_INT_CONVERSION = YES;
				CLANG_WARN_NON_LITERAL_NULL_CONVERSION = YES;
				CLANG_WARN_OBJC_IMPLICIT_RETAIN_SELF = YES;
				CLANG_WARN_OBJC_LITERAL_CONVERSION = YES;
				CLANG_WARN_OBJC_ROOT_CLASS = YES_ERROR;
				CLANG_WARN_QUOTED_INCLUDE_IN_FRAMEWORK_HEADER = YES;
				CLANG_WARN_RANGE_LOOP_ANALYSIS = YES;
				CLANG_WARN_STRICT_PROTOTYPES = YES;
				CLANG_WARN_SUSPICIOUS_MOVE = YES;
				CLANG_WARN_UNGUARDED_AVAILABILITY = YES_AGGRESSIVE;
				CLANG_WARN_UNREACHABLE_CODE = YES;
				CLANG_WARN__DUPLICATE_METHOD_MATCH = YES;
				COPY_PHASE_STRIP = NO;
				DEBUG_INFORMATION_FORMAT = dwarf;
				ENABLE_STRICT_OBJC_MSGSEND = YES;
				ENABLE_TESTABILITY = YES;
				GCC_C_LANGUAGE_STANDARD = gnu11;
				GCC_DYNAMIC_NO_PIC = NO;
				GCC_NO_COMMON_BLOCKS = YES;
				GCC_OPTIMIZATION_LEVEL = 0;
				GCC_PREPROCESSOR_DEFINITIONS = (
					"DEBUG=1",
					"$(inherited)",
				);
				GCC_WARN_64_TO_32_BIT_CONVERSION = YES;
				GCC_WARN_ABOUT_RETURN_TYPE = YES_ERROR;
				GCC_WARN_UNDECLARED_SELECTOR = YES;
				GCC_WARN_UNINITIALIZED_AUTOS = YES_AGGRESSIVE;
				GCC_WARN_UNUSED_FUNCTION = YES;
				GCC_WARN_UNUSED_VARIABLE = YES;
				IPHONEOS_DEPLOYMENT_TARGET = 16.4;
				MTL_ENABLE_DEBUG_INFO = INCLUDE_SOURCE;
				MTL_FAST_MATH = YES;
				ONLY_ACTIVE_ARCH = YES;
				SDKROOT = iphoneos;
				SWIFT_ACTIVE_COMPILATION_CONDITIONS = DEBUG;
				SWIFT_OPTIMIZATION_LEVEL = "-Onone";
			};
			name = Debug;
		};
		D0AFC4092A3D622D00665580 /* Release */ = {
			isa = XCBuildConfiguration;
			buildSettings = {
				ALWAYS_SEARCH_USER_PATHS = NO;
				CLANG_ANALYZER_NONNULL = YES;
				CLANG_ANALYZER_NUMBER_OBJECT_CONVERSION = YES_AGGRESSIVE;
				CLANG_CXX_LANGUAGE_STANDARD = "gnu++20";
				CLANG_ENABLE_MODULES = YES;
				CLANG_ENABLE_OBJC_ARC = YES;
				CLANG_ENABLE_OBJC_WEAK = YES;
				CLANG_WARN_BLOCK_CAPTURE_AUTORELEASING = YES;
				CLANG_WARN_BOOL_CONVERSION = YES;
				CLANG_WARN_COMMA = YES;
				CLANG_WARN_CONSTANT_CONVERSION = YES;
				CLANG_WARN_DEPRECATED_OBJC_IMPLEMENTATIONS = YES;
				CLANG_WARN_DIRECT_OBJC_ISA_USAGE = YES_ERROR;
				CLANG_WARN_DOCUMENTATION_COMMENTS = YES;
				CLANG_WARN_EMPTY_BODY = YES;
				CLANG_WARN_ENUM_CONVERSION = YES;
				CLANG_WARN_INFINITE_RECURSION = YES;
				CLANG_WARN_INT_CONVERSION = YES;
				CLANG_WARN_NON_LITERAL_NULL_CONVERSION = YES;
				CLANG_WARN_OBJC_IMPLICIT_RETAIN_SELF = YES;
				CLANG_WARN_OBJC_LITERAL_CONVERSION = YES;
				CLANG_WARN_OBJC_ROOT_CLASS = YES_ERROR;
				CLANG_WARN_QUOTED_INCLUDE_IN_FRAMEWORK_HEADER = YES;
				CLANG_WARN_RANGE_LOOP_ANALYSIS = YES;
				CLANG_WARN_STRICT_PROTOTYPES = YES;
				CLANG_WARN_SUSPICIOUS_MOVE = YES;
				CLANG_WARN_UNGUARDED_AVAILABILITY = YES_AGGRESSIVE;
				CLANG_WARN_UNREACHABLE_CODE = YES;
				CLANG_WARN__DUPLICATE_METHOD_MATCH = YES;
				COPY_PHASE_STRIP = NO;
				DEBUG_INFORMATION_FORMAT = "dwarf-with-dsym";
				ENABLE_NS_ASSERTIONS = NO;
				ENABLE_STRICT_OBJC_MSGSEND = YES;
				GCC_C_LANGUAGE_STANDARD = gnu11;
				GCC_NO_COMMON_BLOCKS = YES;
				GCC_WARN_64_TO_32_BIT_CONVERSION = YES;
				GCC_WARN_ABOUT_RETURN_TYPE = YES_ERROR;
				GCC_WARN_UNDECLARED_SELECTOR = YES;
				GCC_WARN_UNINITIALIZED_AUTOS = YES_AGGRESSIVE;
				GCC_WARN_UNUSED_FUNCTION = YES;
				GCC_WARN_UNUSED_VARIABLE = YES;
				IPHONEOS_DEPLOYMENT_TARGET = 16.4;
				MTL_ENABLE_DEBUG_INFO = NO;
				MTL_FAST_MATH = YES;
				SDKROOT = iphoneos;
				SWIFT_COMPILATION_MODE = wholemodule;
				SWIFT_OPTIMIZATION_LEVEL = "-O";
				VALIDATE_PRODUCT = YES;
			};
			name = Release;
		};
		D0AFC40B2A3D622D00665580 /* Debug */ = {
			isa = XCBuildConfiguration;
			buildSettings = {
				ASSETCATALOG_COMPILER_APPICON_NAME = AppIcon;
				ASSETCATALOG_COMPILER_GLOBAL_ACCENT_COLOR_NAME = AccentColor;
				CODE_SIGN_STYLE = Automatic;
				CURRENT_PROJECT_VERSION = 1;
				DEVELOPMENT_TEAM = ZKP7U4QRRG;
				GENERATE_INFOPLIST_FILE = YES;
				INFOPLIST_KEY_UIApplicationSupportsIndirectInputEvents = YES;
				INFOPLIST_KEY_UILaunchStoryboardName = LaunchScreen;
				INFOPLIST_KEY_UIMainStoryboardFile = Main;
				INFOPLIST_KEY_UIStatusBarHidden = YES;
				INFOPLIST_KEY_UISupportedInterfaceOrientations = "UIInterfaceOrientationLandscapeLeft UIInterfaceOrientationLandscapeRight";
				LD_RUNPATH_SEARCH_PATHS = (
					"$(inherited)",
					"@executable_path/Frameworks",
				);
				MARKETING_VERSION = 1.0;
				PRODUCT_BUNDLE_IDENTIFIER = "com.nukivenoza.Lug-N-Loaded";
				PRODUCT_NAME = "$(TARGET_NAME)";
				SWIFT_EMIT_LOC_STRINGS = YES;
				SWIFT_VERSION = 5.0;
				TARGETED_DEVICE_FAMILY = "1,2";
			};
			name = Debug;
		};
		D0AFC40C2A3D622D00665580 /* Release */ = {
			isa = XCBuildConfiguration;
			buildSettings = {
				ASSETCATALOG_COMPILER_APPICON_NAME = AppIcon;
				ASSETCATALOG_COMPILER_GLOBAL_ACCENT_COLOR_NAME = AccentColor;
				CODE_SIGN_STYLE = Automatic;
				CURRENT_PROJECT_VERSION = 1;
				DEVELOPMENT_TEAM = ZKP7U4QRRG;
				GENERATE_INFOPLIST_FILE = YES;
				INFOPLIST_KEY_UIApplicationSupportsIndirectInputEvents = YES;
				INFOPLIST_KEY_UILaunchStoryboardName = LaunchScreen;
				INFOPLIST_KEY_UIMainStoryboardFile = Main;
				INFOPLIST_KEY_UIStatusBarHidden = YES;
				INFOPLIST_KEY_UISupportedInterfaceOrientations = "UIInterfaceOrientationLandscapeLeft UIInterfaceOrientationLandscapeRight";
				LD_RUNPATH_SEARCH_PATHS = (
					"$(inherited)",
					"@executable_path/Frameworks",
				);
				MARKETING_VERSION = 1.0;
				PRODUCT_BUNDLE_IDENTIFIER = "com.nukivenoza.Lug-N-Loaded";
				PRODUCT_NAME = "$(TARGET_NAME)";
				SWIFT_EMIT_LOC_STRINGS = YES;
				SWIFT_VERSION = 5.0;
				TARGETED_DEVICE_FAMILY = "1,2";
			};
			name = Release;
		};
/* End XCBuildConfiguration section */

/* Begin XCConfigurationList section */
		D0AFC3EE2A3D622C00665580 /* Build configuration list for PBXProject "Lug-N-Loaded" */ = {
			isa = XCConfigurationList;
			buildConfigurations = (
				D0AFC4082A3D622D00665580 /* Debug */,
				D0AFC4092A3D622D00665580 /* Release */,
			);
			defaultConfigurationIsVisible = 0;
			defaultConfigurationName = Release;
		};
		D0AFC40A2A3D622D00665580 /* Build configuration list for PBXNativeTarget "Lug-N-Loaded" */ = {
			isa = XCConfigurationList;
			buildConfigurations = (
				D0AFC40B2A3D622D00665580 /* Debug */,
				D0AFC40C2A3D622D00665580 /* Release */,
			);
			defaultConfigurationIsVisible = 0;
			defaultConfigurationName = Release;
		};
/* End XCConfigurationList section */
	};
	rootObject = D0AFC3EB2A3D622C00665580 /* Project object */;
}
